
Microsoft Visual Studio Solution File, Format Version 12.00
# Visual Studio Version 16
VisualStudioVersion = 16.0.30114.105
MinimumVisualStudioVersion = 10.0.40219.1
Project("{FAE04EC0-301F-11D3-BF4B-00C04F79EFBC}") = "guessing", "guessing\guessing.csproj", "{CDB4AE33-B87B-4A90-9536-897326EA1794}"
EndProject
Global
	GlobalSection(SolutionConfigurationPlatforms) = preSolution
		Debug|Any CPU = Debug|Any CPU
		Release|Any CPU = Release|Any CPU
	EndGlobalSection
	GlobalSection(ProjectConfigurationPlatforms) = postSolution
		{CDB4AE33-B87B-4A90-9536-897326EA1794}.Debug|Any CPU.ActiveCfg = Debug|Any CPU
		{CDB4AE33-B87B-4A90-9536-897326EA1794}.Debug|Any CPU.Build.0 = Debug|Any CPU
		{CDB4AE33-B87B-4A90-9536-897326EA1794}.Release|Any CPU.ActiveCfg = Release|Any CPU
		{CDB4AE33-B87B-4A90-9536-897326EA1794}.Release|Any CPU.Build.0 = Release|Any CPU
	EndGlobalSection
	GlobalSection(SolutionProperties) = preSolution
		HideSolutionNode = FALSE
	EndGlobalSection
	GlobalSection(ExtensibilityGlobals) = postSolution
		SolutionGuid = {9A239597-ECD4-43A7-A33E-0E5437968548}
	EndGlobalSection
EndGlobal
